# THIS IS AN AUTOGENERATED FILE. DO NOT EDIT THIS FILE DIRECTLY.
# yarn lockfile v1


esbuild@^0.11.11:
  version "0.11.11"
  resolved "https://registry.yarnpkg.com/esbuild/-/esbuild-0.11.11.tgz#8f235e0a1a34253a47fd80d51f12084dd98074bd"
  integrity sha512-iq5YdV63vY/nUAFIvY92BXVkYjMbOchnofLKoLKMPZIa4uuIJAJG9WRA+ZRjQBZbrsORUwvZcANeG2d3p46PJQ==

typescript@^4.2.2:
  version "4.2.2"
  resolved "https://registry.yarnpkg.com/typescript/-/typescript-4.2.2.tgz#1450f020618f872db0ea17317d16d8da8ddb8c4c"
  integrity sha512-tbb+NVrLfnsJy3M59lsDgrzWIflR4d4TIUjz+heUnHZwdF7YsrMTKoRERiIvI2lvBG95dfpLxB21WZhys1bgaQ==
